// !$*UTF8*$!
{
	archiveVersion = 1;
	classes = {
	};
	objectVersion = 46;
	objects = {

/* Begin PBXBuildFile section */
		A1A224E11B32A0CD00ADA9AB /* AppDelegate.swift in Sources */ = {isa = PBXBuildFile; fileRef = A1A224E01B32A0CD00ADA9AB /* AppDelegate.swift */; };
		A1A224E31B32A0CD00ADA9AB /* ViewController.swift in Sources */ = {isa = PBXBuildFile; fileRef = A1A224E21B32A0CD00ADA9AB /* ViewController.swift */; };
		A1A224E61B32A0CD00ADA9AB /* Main.storyboard in Resources */ = {isa = PBXBuildFile; fileRef = A1A224E41B32A0CD00ADA9AB /* Main.storyboard */; };
		A1A224E81B32A0CD00ADA9AB /* Images.xcassets in Resources */ = {isa = PBXBuildFile; fileRef = A1A224E71B32A0CD00ADA9AB /* Images.xcassets */; };
		A1A224EB1B32A0CD00ADA9AB /* LaunchScreen.xib in Resources */ = {isa = PBXBuildFile; fileRef = A1A224E91B32A0CD00ADA9AB /* LaunchScreen.xib */; };
		A1A224F71B32A0CD00ADA9AB /* Memorable_PlacesTests.swift in Sources */ = {isa = PBXBuildFile; fileRef = A1A224F61B32A0CD00ADA9AB /* Memorable_PlacesTests.swift */; };
		A1A225011B32A76500ADA9AB /* TableViewController.swift in Sources */ = {isa = PBXBuildFile; fileRef = A1A225001B32A76500ADA9AB /* TableViewController.swift */; };
		A1A225031B32A8A300ADA9AB /* CoreLocation.framework in Frameworks */ = {isa = PBXBuildFile; fileRef = A1A225021B32A8A300ADA9AB /* CoreLocation.framework */; };
/* End PBXBuildFile section */

/* Begin PBXContainerItemProxy section */
		A1A224F11B32A0CD00ADA9AB /* PBXContainerItemProxy */ = {
			isa = PBXContainerItemProxy;
			containerPortal = A1A224D31B32A0CD00ADA9AB /* Project object */;
			proxyType = 1;
			remoteGlobalIDString = A1A224DA1B32A0CD00ADA9AB;
			remoteInfo = "Memorable Places";
		};
/* End PBXContainerItemProxy section */

/* Begin PBXFileReference section */
		A1A224DB1B32A0CD00ADA9AB /* Memorable Places.app */ = {isa = PBXFileReference; explicitFileType = wrapper.application; includeInIndex = 0; path = "Memorable Places.app"; sourceTree = BUILT_PRODUCTS_DIR; };
		A1A224DF1B32A0CD00ADA9AB /* Info.plist */ = {isa = PBXFileReference; lastKnownFileType = text.plist.xml; path = Info.plist; sourceTree = "<group>"; };
		A1A224E01B32A0CD00ADA9AB /* AppDelegate.swift */ = {isa = PBXFileReference; lastKnownFileType = sourcecode.swift; path = AppDelegate.swift; sourceTree = "<group>"; };
		A1A224E21B32A0CD00ADA9AB /* ViewController.swift */ = {isa = PBXFileReference; lastKnownFileType = sourcecode.swift; path = ViewController.swift; sourceTree = "<group>"; };
		A1A224E51B32A0CD00ADA9AB /* Base */ = {isa = PBXFileReference; lastKnownFileType = file.storyboard; name = Base; path = Base.lproj/Main.storyboard; sourceTree = "<group>"; };
		A1A224E71B32A0CD00ADA9AB /* Images.xcassets */ = {isa = PBXFileReference; lastKnownFileType = folder.assetcatalog; path = Images.xcassets; sourceTree = "<group>"; };
		A1A224EA1B32A0CD00ADA9AB /* Base */ = {isa = PBXFileReference; lastKnownFileType = file.xib; name = Base; path = Base.lproj/LaunchScreen.xib; sourceTree = "<group>"; };
		A1A224F01B32A0CD00ADA9AB /* Memorable PlacesTests.xctest */ = {isa = PBXFileReference; explicitFileType = wrapper.cfbundle; includeInIndex = 0; path = "Memorable PlacesTests.xctest"; sourceTree = BUILT_PRODUCTS_DIR; };
		A1A224F51B32A0CD00ADA9AB /* Info.plist */ = {isa = PBXFileReference; lastKnownFileType = text.plist.xml; path = Info.plist; sourceTree = "<group>"; };
		A1A224F61B32A0CD00ADA9AB /* Memorable_PlacesTests.swift */ = {isa = PBXFileReference; lastKnownFileType = sourcecode.swift; path = Memorable_PlacesTests.swift; sourceTree = "<group>"; };
		A1A225001B32A76500ADA9AB /* TableViewController.swift */ = {isa = PBXFileReference; fileEncoding = 4; lastKnownFileType = sourcecode.swift; path = TableViewController.swift; sourceTree = "<group>"; };
		A1A225021B32A8A300ADA9AB /* CoreLocation.framework */ = {isa = PBXFileReference; lastKnownFileType = wrapper.framework; name = CoreLocation.framework; path = System/Library/Frameworks/CoreLocation.framework; sourceTree = SDKROOT; };
/* End PBXFileReference section */

/* Begin PBXFrameworksBuildPhase section */
		A1A224D81B32A0CD00ADA9AB /* Frameworks */ = {
			isa = PBXFrameworksBuildPhase;
			buildActionMask = 2147483647;
			files = (
				A1A225031B32A8A300ADA9AB /* CoreLocation.framework in Frameworks */,
			);
			runOnlyForDeploymentPostprocessing = 0;
		};
		A1A224ED1B32A0CD00ADA9AB /* Frameworks */ = {
			isa = PBXFrameworksBuildPhase;
			buildActionMask = 2147483647;
			files = (
			);
			runOnlyForDeploymentPostprocessing = 0;
		};
/* End PBXFrameworksBuildPhase section */

/* Begin PBXGroup section */
		A1A224D21B32A0CD00ADA9AB = {
			isa = PBXGroup;
			children = (
				A1A225021B32A8A300ADA9AB /* CoreLocation.framework */,
				A1A224DD1B32A0CD00ADA9AB /* Memorable Places */,
				A1A224F31B32A0CD00ADA9AB /* Memorable PlacesTests */,
				A1A224DC1B32A0CD00ADA9AB /* Products */,
			);
			sourceTree = "<group>";
		};
		A1A224DC1B32A0CD00ADA9AB /* Products */ = {
			isa = PBXGroup;
			children = (
				A1A224DB1B32A0CD00ADA9AB /* Memorable Places.app */,
				A1A224F01B32A0CD00ADA9AB /* Memorable PlacesTests.xctest */,
			);
			name = Products;
			sourceTree = "<group>";
		};
		A1A224DD1B32A0CD00ADA9AB /* Memorable Places */ = {
			isa = PBXGroup;
			children = (
				A1A224E01B32A0CD00ADA9AB /* AppDelegate.swift */,
				A1A224E21B32A0CD00ADA9AB /* ViewController.swift */,
				A1A224E41B32A0CD00ADA9AB /* Main.storyboard */,
				A1A225001B32A76500ADA9AB /* TableViewController.swift */,
				A1A224E71B32A0CD00ADA9AB /* Images.xcassets */,
				A1A224E91B32A0CD00ADA9AB /* LaunchScreen.xib */,
				A1A224DE1B32A0CD00ADA9AB /* Supporting Files */,
			);
			path = "Memorable Places";
			sourceTree = "<group>";
		};
		A1A224DE1B32A0CD00ADA9AB /* Supporting Files */ = {
			isa = PBXGroup;
			children = (
				A1A224DF1B32A0CD00ADA9AB /* Info.plist */,
			);
			name = "Supporting Files";
			sourceTree = "<group>";
		};
		A1A224F31B32A0CD00ADA9AB /* Memorable PlacesTests */ = {
			isa = PBXGroup;
			children = (
				A1A224F61B32A0CD00ADA9AB /* Memorable_PlacesTests.swift */,
				A1A224F41B32A0CD00ADA9AB /* Supporting Files */,
			);
			path = "Memorable PlacesTests";
			sourceTree = "<group>";
		};
		A1A224F41B32A0CD00ADA9AB /* Supporting Files */ = {
			isa = PBXGroup;
			children = (
				A1A224F51B32A0CD00ADA9AB /* Info.plist */,
			);
			name = "Supporting Files";
			sourceTree = "<group>";
		};
/* End PBXGroup section */

/* Begin PBXNativeTarget section */
		A1A224DA1B32A0CD00ADA9AB /* Memorable Places */ = {
			isa = PBXNativeTarget;
			buildConfigurationList = A1A224FA1B32A0CD00ADA9AB /* Build configuration list for PBXNativeTarget "Memorable Places" */;
			buildPhases = (
				A1A224D71B32A0CD00ADA9AB /* Sources */,
				A1A224D81B32A0CD00ADA9AB /* Frameworks */,
				A1A224D91B32A0CD00ADA9AB /* Resources */,
			);
			buildRules = (
			);
			dependencies = (
			);
			name = "Memorable Places";
			productName = "Memorable Places";
			productReference = A1A224DB1B32A0CD00ADA9AB /* Memorable Places.app */;
			productType = "com.apple.product-type.application";
		};
		A1A224EF1B32A0CD00ADA9AB /* Memorable PlacesTests */ = {
			isa = PBXNativeTarget;
			buildConfigurationList = A1A224FD1B32A0CD00ADA9AB /* Build configuration list for PBXNativeTarget "Memorable PlacesTests" */;
			buildPhases = (
				A1A224EC1B32A0CD00ADA9AB /* Sources */,
				A1A224ED1B32A0CD00ADA9AB /* Frameworks */,
				A1A224EE1B32A0CD00ADA9AB /* Resources */,
			);
			buildRules = (
			);
			dependencies = (
				A1A224F21B32A0CD00ADA9AB /* PBXTargetDependency */,
			);
			name = "Memorable PlacesTests";
			productName = "Memorable PlacesTests";
			productReference = A1A224F01B32A0CD00ADA9AB /* Memorable PlacesTests.xctest */;
			productType = "com.apple.product-type.bundle.unit-test";
		};
/* End PBXNativeTarget section */

/* Begin PBXProject section */
		A1A224D31B32A0CD00ADA9AB /* Project object */ = {
			isa = PBXProject;
			attributes = {
				LastUpgradeCheck = 0630;
				ORGANIZATIONNAME = BitsFriends;
				TargetAttributes = {
					A1A224DA1B32A0CD00ADA9AB = {
						CreatedOnToolsVersion = 6.3.1;
					};
					A1A224EF1B32A0CD00ADA9AB = {
						CreatedOnToolsVersion = 6.3.1;
						TestTargetID = A1A224DA1B32A0CD00ADA9AB;
					};
				};
			};
			buildConfigurationList = A1A224D61B32A0CD00ADA9AB /* Build configuration list for PBXProject "Memorable Places" */;
			compatibilityVersion = "Xcode 3.2";
			developmentRegion = English;
			hasScannedForEncodings = 0;
			knownRegions = (
				en,
				Base,
			);
			mainGroup = A1A224D21B32A0CD00ADA9AB;
			productRefGroup = A1A224DC1B32A0CD00ADA9AB /* Products */;
			projectDirPath = "";
			projectRoot = "";
			targets = (
				A1A224DA1B32A0CD00ADA9AB /* Memorable Places */,
				A1A224EF1B32A0CD00ADA9AB /* Memorable PlacesTests */,
			);
		};
/* End PBXProject section */

/* Begin PBXResourcesBuildPhase section */
		A1A224D91B32A0CD00ADA9AB /* Resources */ = {
			isa = PBXResourcesBuildPhase;
			buildActionMask = 2147483647;
			files = (
				A1A224E61B32A0CD00ADA9AB /* Main.storyboard in Resources */,
				A1A224EB1B32A0CD00ADA9AB /* LaunchScreen.xib in Resources */,
				A1A224E81B32A0CD00ADA9AB /* Images.xcassets in Resources */,
			);
			runOnlyForDeploymentPostprocessing = 0;
		};
		A1A224EE1B32A0CD00ADA9AB /* Resources */ = {
			isa = PBXResourcesBuildPhase;
			buildActionMask = 2147483647;
			files = (
			);
			runOnlyForDeploymentPostprocessing = 0;
		};
/* End PBXResourcesBuildPhase section */

/* Begin PBXSourcesBuildPhase section */
		A1A224D71B32A0CD00ADA9AB /* Sources */ = {
			isa = PBXSourcesBuildPhase;
			buildActionMask = 2147483647;
			files = (
				A1A224E31B32A0CD00ADA9AB /* ViewController.swift in Sources */,
				A1A225011B32A76500ADA9AB /* TableViewController.swift in Sources */,
				A1A224E11B32A0CD00ADA9AB /* AppDelegate.swift in Sources */,
			);
			runOnlyForDeploymentPostprocessing = 0;
		};
		A1A224EC1B32A0CD00ADA9AB /* Sources */ = {
			isa = PBXSourcesBuildPhase;
			buildActionMask = 2147483647;
			files = (
				A1A224F71B32A0CD00ADA9AB /* Memorable_PlacesTests.swift in Sources */,
			);
			runOnlyForDeploymentPostprocessing = 0;
		};
/* End PBXSourcesBuildPhase section */

/* Begin PBXTargetDependency section */
		A1A224F21B32A0CD00ADA9AB /* PBXTargetDependency */ = {
			isa = PBXTargetDependency;
			target = A1A224DA1B32A0CD00ADA9AB /* Memorable Places */;
			targetProxy = A1A224F11B32A0CD00ADA9AB /* PBXContainerItemProxy */;
		};
/* End PBXTargetDependency section */

/* Begin PBXVariantGroup section */
		A1A224E41B32A0CD00ADA9AB /* Main.storyboard */ = {
			isa = PBXVariantGroup;
			children = (
				A1A224E51B32A0CD00ADA9AB /* Base */,
			);
			name = Main.storyboard;
			sourceTree = "<group>";
		};
		A1A224E91B32A0CD00ADA9AB /* LaunchScreen.xib */ = {
			isa = PBXVariantGroup;
			children = (
				A1A224EA1B32A0CD00ADA9AB /* Base */,
			);
			name = LaunchScreen.xib;
			sourceTree = "<group>";
		};
/* End PBXVariantGroup section */

/* Begin XCBuildConfiguration section */
		A1A224F81B32A0CD00ADA9AB /* Debug */ = {
			isa = XCBuildConfiguration;
			buildSettings = {
				ALWAYS_SEARCH_USER_PATHS = NO;
				CLANG_CXX_LANGUAGE_STANDARD = "gnu++0x";
				CLANG_CXX_LIBRARY = "libc++";
				CLANG_ENABLE_MODULES = YES;
				CLANG_ENABLE_OBJC_ARC = YES;
				CLANG_WARN_BOOL_CONVERSION = YES;
				CLANG_WARN_CONSTANT_CONVERSION = YES;
				CLANG_WARN_DIRECT_OBJC_ISA_USAGE = YES_ERROR;
				CLANG_WARN_EMPTY_BODY = YES;
				CLANG_WARN_ENUM_CONVERSION = YES;
				CLANG_WARN_INT_CONVERSION = YES;
				CLANG_WARN_OBJC_ROOT_CLASS = YES_ERROR;
				CLANG_WARN_UNREACHABLE_CODE = YES;
				CLANG_WARN__DUPLICATE_METHOD_MATCH = YES;
				"CODE_SIGN_IDENTITY[sdk=iphoneos*]" = "iPhone Developer";
				COPY_PHASE_STRIP = NO;
				DEBUG_INFORMATION_FORMAT = "dwarf-with-dsym";
				ENABLE_STRICT_OBJC_MSGSEND = YES;
				GCC_C_LANGUAGE_STANDARD = gnu99;
				GCC_DYNAMIC_NO_PIC = NO;
				GCC_NO_COMMON_BLOCKS = YES;
				GCC_OPTIMIZATION_LEVEL = 0;
				GCC_PREPROCESSOR_DEFINITIONS = (
					"DEBUG=1",
					"$(inherited)",
				);
				GCC_SYMBOLS_PRIVATE_EXTERN = NO;
				GCC_WARN_64_TO_32_BIT_CONVERSION = YES;
				GCC_WARN_ABOUT_RETURN_TYPE = YES_ERROR;
				GCC_WARN_UNDECLARED_SELECTOR = YES;
				GCC_WARN_UNINITIALIZED_AUTOS = YES_AGGRESSIVE;
				GCC_WARN_UNUSED_FUNCTION = YES;
				GCC_WARN_UNUSED_VARIABLE = YES;
				IPHONEOS_DEPLOYMENT_TARGET = 8.3;
				MTL_ENABLE_DEBUG_INFO = YES;
				ONLY_ACTIVE_ARCH = YES;
				SDKROOT = iphoneos;
				SWIFT_OPTIMIZATION_LEVEL = "-Onone";
			};
			name = Debug;
		};
		A1A224F91B32A0CD00ADA9AB /* Release */ = {
			isa = XCBuildConfiguration;
			buildSettings = {
				ALWAYS_SEARCH_USER_PATHS = NO;
				CLANG_CXX_LANGUAGE_STANDARD = "gnu++0x";
				CLANG_CXX_LIBRARY = "libc++";
				CLANG_ENABLE_MODULES = YES;
				CLANG_ENABLE_OBJC_ARC = YES;
				CLANG_WARN_BOOL_CONVERSION = YES;
				CLANG_WARN_CONSTANT_CONVERSION = YES;
				CLANG_WARN_DIRECT_OBJC_ISA_USAGE = YES_ERROR;
				CLANG_WARN_EMPTY_BODY = YES;
				CLANG_WARN_ENUM_CONVERSION = YES;
				CLANG_WARN_INT_CONVERSION = YES;
				CLANG_WARN_OBJC_ROOT_CLASS = YES_ERROR;
				CLANG_WARN_UNREACHABLE_CODE = YES;
				CLANG_WARN__DUPLICATE_METHOD_MATCH = YES;
				"CODE_SIGN_IDENTITY[sdk=iphoneos*]" = "iPhone Developer";
				COPY_PHASE_STRIP = NO;
				DEBUG_INFORMATION_FORMAT = "dwarf-with-dsym";
				ENABLE_NS_ASSERTIONS = NO;
				ENABLE_STRICT_OBJC_MSGSEND = YES;
				GCC_C_LANGUAGE_STANDARD = gnu99;
				GCC_NO_COMMON_BLOCKS = YES;
				GCC_WARN_64_TO_32_BIT_CONVERSION = YES;
				GCC_WARN_ABOUT_RETURN_TYPE = YES_ERROR;
				GCC_WARN_UNDECLARED_SELECTOR = YES;
				GCC_WARN_UNINITIALIZED_AUTOS = YES_AGGRESSIVE;
				GCC_WARN_UNUSED_FUNCTION = YES;
				GCC_WARN_UNUSED_VARIABLE = YES;
				IPHONEOS_DEPLOYMENT_TARGET = 8.3;
				MTL_ENABLE_DEBUG_INFO = NO;
				SDKROOT = iphoneos;
				VALIDATE_PRODUCT = YES;
			};
			name = Release;
		};
		A1A224FB1B32A0CD00ADA9AB /* Debug */ = {
			isa = XCBuildConfiguration;
			buildSettings = {
				ASSETCATALOG_COMPILER_APPICON_NAME = AppIcon;
				INFOPLIST_FILE = "Memorable Places/Info.plist";
				LD_RUNPATH_SEARCH_PATHS = "$(inherited) @executable_path/Frameworks";
				PRODUCT_NAME = "$(TARGET_NAME)";
			};
			name = Debug;
		};
		A1A224FC1B32A0CD00ADA9AB /* Release */ = {
			isa = XCBuildConfiguration;
			buildSettings = {
				ASSETCATALOG_COMPILER_APPICON_NAME = AppIcon;
				INFOPLIST_FILE = "Memorable Places/Info.plist";
				LD_RUNPATH_SEARCH_PATHS = "$(inherited) @executable_path/Frameworks";
				PRODUCT_NAME = "$(TARGET_NAME)";
			};
			name = Release;
		};
		A1A224FE1B32A0CD00ADA9AB /* Debug */ = {
			isa = XCBuildConfiguration;
			buildSettings = {
				BUNDLE_LOADER = "$(TEST_HOST)";
				FRAMEWORK_SEARCH_PATHS = (
					"$(SDKROOT)/Developer/Library/Frameworks",
					"$(inherited)",
				);
				GCC_PREPROCESSOR_DEFINITIONS = (
					"DEBUG=1",
					"$(inherited)",
				);
				INFOPLIST_FILE = "Memorable PlacesTests/Info.plist";
				LD_RUNPATH_SEARCH_PATHS = "$(inherited) @executable_path/Frameworks @loader_path/Frameworks";
				PRODUCT_NAME = "$(TARGET_NAME)";
				TEST_HOST = "$(BUILT_PRODUCTS_DIR)/Memorable Places.app/Memorable Places";
			};
			name = Debug;
		};
		A1A224FF1B32A0CD00ADA9AB /* Release */ = {
			isa = XCBuildConfiguration;
			buildSettings = {
				BUNDLE_LOADER = "$(TEST_HOST)";
				FRAMEWORK_SEARCH_PATHS = (
					"$(SDKROOT)/Developer/Library/Frameworks",
					"$(inherited)",
				);
				INFOPLIST_FILE = "Memorable PlacesTests/Info.plist";
				LD_RUNPATH_SEARCH_PATHS = "$(inherited) @executable_path/Frameworks @loader_path/Frameworks";
				PRODUCT_NAME = "$(TARGET_NAME)";
				TEST_HOST = "$(BUILT_PRODUCTS_DIR)/Memorable Places.app/Memorable Places";
			};
			name = Release;
		};
/* End XCBuildConfiguration section */

/* Begin XCConfigurationList section */
		A1A224D61B32A0CD00ADA9AB /* Build configuration list for PBXProject "Memorable Places" */ = {
			isa = XCConfigurationList;
			buildConfigurations = (
				A1A224F81B32A0CD00ADA9AB /* Debug */,
				A1A224F91B32A0CD00ADA9AB /* Release */,
			);
			defaultConfigurationIsVisible = 0;
			defaultConfigurationName = Release;
		};
		A1A224FA1B32A0CD00ADA9AB /* Build configuration list for PBXNativeTarget "Memorable Places" */ = {
			isa = XCConfigurationList;
			buildConfigurations = (
				A1A224FB1B32A0CD00ADA9AB /* Debug */,
				A1A224FC1B32A0CD00ADA9AB /* Release */,
			);
			defaultConfigurationIsVisible = 0;
		};
		A1A224FD1B32A0CD00ADA9AB /* Build configuration list for PBXNativeTarget "Memorable PlacesTests" */ = {
			isa = XCConfigurationList;
			buildConfigurations = (
				A1A224FE1B32A0CD00ADA9AB /* Debug */,
				A1A224FF1B32A0CD00ADA9AB /* Release */,
			);
			defaultConfigurationIsVisible = 0;
		};
/* End XCConfigurationList section */
	};
	rootObject = A1A224D31B32A0CD00ADA9AB /* Project object */;
}
