// !$*UTF8*$!
{
	archiveVersion = 1;
	classes = {
	};
	objectVersion = 46;
	objects = {

/* Begin PBXBuildFile section */
		A1FF27851B30D07B002C95E0 /* AppDelegate.swift in Sources */ = {isa = PBXBuildFile; fileRef = A1FF27841B30D07B002C95E0 /* AppDelegate.swift */; };
		A1FF27871B30D07B002C95E0 /* ViewController.swift in Sources */ = {isa = PBXBuildFile; fileRef = A1FF27861B30D07B002C95E0 /* ViewController.swift */; };
		A1FF278A1B30D07B002C95E0 /* Main.storyboard in Resources */ = {isa = PBXBuildFile; fileRef = A1FF27881B30D07B002C95E0 /* Main.storyboard */; };
		A1FF278C1B30D07B002C95E0 /* Images.xcassets in Resources */ = {isa = PBXBuildFile; fileRef = A1FF278B1B30D07B002C95E0 /* Images.xcassets */; };
		A1FF278F1B30D07B002C95E0 /* LaunchScreen.xib in Resources */ = {isa = PBXBuildFile; fileRef = A1FF278D1B30D07B002C95E0 /* LaunchScreen.xib */; };
		A1FF279B1B30D07B002C95E0 /* Where_Am_ITests.swift in Sources */ = {isa = PBXBuildFile; fileRef = A1FF279A1B30D07B002C95E0 /* Where_Am_ITests.swift */; };
/* End PBXBuildFile section */

/* Begin PBXContainerItemProxy section */
		A1FF27951B30D07B002C95E0 /* PBXContainerItemProxy */ = {
			isa = PBXContainerItemProxy;
			containerPortal = A1FF27771B30D07B002C95E0 /* Project object */;
			proxyType = 1;
			remoteGlobalIDString = A1FF277E1B30D07B002C95E0;
			remoteInfo = "Where Am I";
		};
/* End PBXContainerItemProxy section */

/* Begin PBXFileReference section */
		A1FF277F1B30D07B002C95E0 /* Where Am I.app */ = {isa = PBXFileReference; explicitFileType = wrapper.application; includeInIndex = 0; path = "Where Am I.app"; sourceTree = BUILT_PRODUCTS_DIR; };
		A1FF27831B30D07B002C95E0 /* Info.plist */ = {isa = PBXFileReference; lastKnownFileType = text.plist.xml; path = Info.plist; sourceTree = "<group>"; };
		A1FF27841B30D07B002C95E0 /* AppDelegate.swift */ = {isa = PBXFileReference; lastKnownFileType = sourcecode.swift; path = AppDelegate.swift; sourceTree = "<group>"; };
		A1FF27861B30D07B002C95E0 /* ViewController.swift */ = {isa = PBXFileReference; lastKnownFileType = sourcecode.swift; path = ViewController.swift; sourceTree = "<group>"; };
		A1FF27891B30D07B002C95E0 /* Base */ = {isa = PBXFileReference; lastKnownFileType = file.storyboard; name = Base; path = Base.lproj/Main.storyboard; sourceTree = "<group>"; };
		A1FF278B1B30D07B002C95E0 /* Images.xcassets */ = {isa = PBXFileReference; lastKnownFileType = folder.assetcatalog; path = Images.xcassets; sourceTree = "<group>"; };
		A1FF278E1B30D07B002C95E0 /* Base */ = {isa = PBXFileReference; lastKnownFileType = file.xib; name = Base; path = Base.lproj/LaunchScreen.xib; sourceTree = "<group>"; };
		A1FF27941B30D07B002C95E0 /* Where Am ITests.xctest */ = {isa = PBXFileReference; explicitFileType = wrapper.cfbundle; includeInIndex = 0; path = "Where Am ITests.xctest"; sourceTree = BUILT_PRODUCTS_DIR; };
		A1FF27991B30D07B002C95E0 /* Info.plist */ = {isa = PBXFileReference; lastKnownFileType = text.plist.xml; path = Info.plist; sourceTree = "<group>"; };
		A1FF279A1B30D07B002C95E0 /* Where_Am_ITests.swift */ = {isa = PBXFileReference; lastKnownFileType = sourcecode.swift; path = Where_Am_ITests.swift; sourceTree = "<group>"; };
/* End PBXFileReference section */

/* Begin PBXFrameworksBuildPhase section */
		A1FF277C1B30D07B002C95E0 /* Frameworks */ = {
			isa = PBXFrameworksBuildPhase;
			buildActionMask = 2147483647;
			files = (
			);
			runOnlyForDeploymentPostprocessing = 0;
		};
		A1FF27911B30D07B002C95E0 /* Frameworks */ = {
			isa = PBXFrameworksBuildPhase;
			buildActionMask = 2147483647;
			files = (
			);
			runOnlyForDeploymentPostprocessing = 0;
		};
/* End PBXFrameworksBuildPhase section */

/* Begin PBXGroup section */
		A1FF27761B30D07B002C95E0 = {
			isa = PBXGroup;
			children = (
				A1FF27811B30D07B002C95E0 /* Where Am I */,
				A1FF27971B30D07B002C95E0 /* Where Am ITests */,
				A1FF27801B30D07B002C95E0 /* Products */,
			);
			sourceTree = "<group>";
		};
		A1FF27801B30D07B002C95E0 /* Products */ = {
			isa = PBXGroup;
			children = (
				A1FF277F1B30D07B002C95E0 /* Where Am I.app */,
				A1FF27941B30D07B002C95E0 /* Where Am ITests.xctest */,
			);
			name = Products;
			sourceTree = "<group>";
		};
		A1FF27811B30D07B002C95E0 /* Where Am I */ = {
			isa = PBXGroup;
			children = (
				A1FF27841B30D07B002C95E0 /* AppDelegate.swift */,
				A1FF27861B30D07B002C95E0 /* ViewController.swift */,
				A1FF27881B30D07B002C95E0 /* Main.storyboard */,
				A1FF278B1B30D07B002C95E0 /* Images.xcassets */,
				A1FF278D1B30D07B002C95E0 /* LaunchScreen.xib */,
				A1FF27821B30D07B002C95E0 /* Supporting Files */,
			);
			path = "Where Am I";
			sourceTree = "<group>";
		};
		A1FF27821B30D07B002C95E0 /* Supporting Files */ = {
			isa = PBXGroup;
			children = (
				A1FF27831B30D07B002C95E0 /* Info.plist */,
			);
			name = "Supporting Files";
			sourceTree = "<group>";
		};
		A1FF27971B30D07B002C95E0 /* Where Am ITests */ = {
			isa = PBXGroup;
			children = (
				A1FF279A1B30D07B002C95E0 /* Where_Am_ITests.swift */,
				A1FF27981B30D07B002C95E0 /* Supporting Files */,
			);
			path = "Where Am ITests";
			sourceTree = "<group>";
		};
		A1FF27981B30D07B002C95E0 /* Supporting Files */ = {
			isa = PBXGroup;
			children = (
				A1FF27991B30D07B002C95E0 /* Info.plist */,
			);
			name = "Supporting Files";
			sourceTree = "<group>";
		};
/* End PBXGroup section */

/* Begin PBXNativeTarget section */
		A1FF277E1B30D07B002C95E0 /* Where Am I */ = {
			isa = PBXNativeTarget;
			buildConfigurationList = A1FF279E1B30D07B002C95E0 /* Build configuration list for PBXNativeTarget "Where Am I" */;
			buildPhases = (
				A1FF277B1B30D07B002C95E0 /* Sources */,
				A1FF277C1B30D07B002C95E0 /* Frameworks */,
				A1FF277D1B30D07B002C95E0 /* Resources */,
			);
			buildRules = (
			);
			dependencies = (
			);
			name = "Where Am I";
			productName = "Where Am I";
			productReference = A1FF277F1B30D07B002C95E0 /* Where Am I.app */;
			productType = "com.apple.product-type.application";
		};
		A1FF27931B30D07B002C95E0 /* Where Am ITests */ = {
			isa = PBXNativeTarget;
			buildConfigurationList = A1FF27A11B30D07B002C95E0 /* Build configuration list for PBXNativeTarget "Where Am ITests" */;
			buildPhases = (
				A1FF27901B30D07B002C95E0 /* Sources */,
				A1FF27911B30D07B002C95E0 /* Frameworks */,
				A1FF27921B30D07B002C95E0 /* Resources */,
			);
			buildRules = (
			);
			dependencies = (
				A1FF27961B30D07B002C95E0 /* PBXTargetDependency */,
			);
			name = "Where Am ITests";
			productName = "Where Am ITests";
			productReference = A1FF27941B30D07B002C95E0 /* Where Am ITests.xctest */;
			productType = "com.apple.product-type.bundle.unit-test";
		};
/* End PBXNativeTarget section */

/* Begin PBXProject section */
		A1FF27771B30D07B002C95E0 /* Project object */ = {
			isa = PBXProject;
			attributes = {
				LastUpgradeCheck = 0630;
				ORGANIZATIONNAME = BitsFriends;
				TargetAttributes = {
					A1FF277E1B30D07B002C95E0 = {
						CreatedOnToolsVersion = 6.3.1;
					};
					A1FF27931B30D07B002C95E0 = {
						CreatedOnToolsVersion = 6.3.1;
						TestTargetID = A1FF277E1B30D07B002C95E0;
					};
				};
			};
			buildConfigurationList = A1FF277A1B30D07B002C95E0 /* Build configuration list for PBXProject "Where Am I" */;
			compatibilityVersion = "Xcode 3.2";
			developmentRegion = English;
			hasScannedForEncodings = 0;
			knownRegions = (
				en,
				Base,
			);
			mainGroup = A1FF27761B30D07B002C95E0;
			productRefGroup = A1FF27801B30D07B002C95E0 /* Products */;
			projectDirPath = "";
			projectRoot = "";
			targets = (
				A1FF277E1B30D07B002C95E0 /* Where Am I */,
				A1FF27931B30D07B002C95E0 /* Where Am ITests */,
			);
		};
/* End PBXProject section */

/* Begin PBXResourcesBuildPhase section */
		A1FF277D1B30D07B002C95E0 /* Resources */ = {
			isa = PBXResourcesBuildPhase;
			buildActionMask = 2147483647;
			files = (
				A1FF278A1B30D07B002C95E0 /* Main.storyboard in Resources */,
				A1FF278F1B30D07B002C95E0 /* LaunchScreen.xib in Resources */,
				A1FF278C1B30D07B002C95E0 /* Images.xcassets in Resources */,
			);
			runOnlyForDeploymentPostprocessing = 0;
		};
		A1FF27921B30D07B002C95E0 /* Resources */ = {
			isa = PBXResourcesBuildPhase;
			buildActionMask = 2147483647;
			files = (
			);
			runOnlyForDeploymentPostprocessing = 0;
		};
/* End PBXResourcesBuildPhase section */

/* Begin PBXSourcesBuildPhase section */
		A1FF277B1B30D07B002C95E0 /* Sources */ = {
			isa = PBXSourcesBuildPhase;
			buildActionMask = 2147483647;
			files = (
				A1FF27871B30D07B002C95E0 /* ViewController.swift in Sources */,
				A1FF27851B30D07B002C95E0 /* AppDelegate.swift in Sources */,
			);
			runOnlyForDeploymentPostprocessing = 0;
		};
		A1FF27901B30D07B002C95E0 /* Sources */ = {
			isa = PBXSourcesBuildPhase;
			buildActionMask = 2147483647;
			files = (
				A1FF279B1B30D07B002C95E0 /* Where_Am_ITests.swift in Sources */,
			);
			runOnlyForDeploymentPostprocessing = 0;
		};
/* End PBXSourcesBuildPhase section */

/* Begin PBXTargetDependency section */
		A1FF27961B30D07B002C95E0 /* PBXTargetDependency */ = {
			isa = PBXTargetDependency;
			target = A1FF277E1B30D07B002C95E0 /* Where Am I */;
			targetProxy = A1FF27951B30D07B002C95E0 /* PBXContainerItemProxy */;
		};
/* End PBXTargetDependency section */

/* Begin PBXVariantGroup section */
		A1FF27881B30D07B002C95E0 /* Main.storyboard */ = {
			isa = PBXVariantGroup;
			children = (
				A1FF27891B30D07B002C95E0 /* Base */,
			);
			name = Main.storyboard;
			sourceTree = "<group>";
		};
		A1FF278D1B30D07B002C95E0 /* LaunchScreen.xib */ = {
			isa = PBXVariantGroup;
			children = (
				A1FF278E1B30D07B002C95E0 /* Base */,
			);
			name = LaunchScreen.xib;
			sourceTree = "<group>";
		};
/* End PBXVariantGroup section */

/* Begin XCBuildConfiguration section */
		A1FF279C1B30D07B002C95E0 /* Debug */ = {
			isa = XCBuildConfiguration;
			buildSettings = {
				ALWAYS_SEARCH_USER_PATHS = NO;
				CLANG_CXX_LANGUAGE_STANDARD = "gnu++0x";
				CLANG_CXX_LIBRARY = "libc++";
				CLANG_ENABLE_MODULES = YES;
				CLANG_ENABLE_OBJC_ARC = YES;
				CLANG_WARN_BOOL_CONVERSION = YES;
				CLANG_WARN_CONSTANT_CONVERSION = YES;
				CLANG_WARN_DIRECT_OBJC_ISA_USAGE = YES_ERROR;
				CLANG_WARN_EMPTY_BODY = YES;
				CLANG_WARN_ENUM_CONVERSION = YES;
				CLANG_WARN_INT_CONVERSION = YES;
				CLANG_WARN_OBJC_ROOT_CLASS = YES_ERROR;
				CLANG_WARN_UNREACHABLE_CODE = YES;
				CLANG_WARN__DUPLICATE_METHOD_MATCH = YES;
				"CODE_SIGN_IDENTITY[sdk=iphoneos*]" = "iPhone Developer";
				COPY_PHASE_STRIP = NO;
				DEBUG_INFORMATION_FORMAT = "dwarf-with-dsym";
				ENABLE_STRICT_OBJC_MSGSEND = YES;
				GCC_C_LANGUAGE_STANDARD = gnu99;
				GCC_DYNAMIC_NO_PIC = NO;
				GCC_NO_COMMON_BLOCKS = YES;
				GCC_OPTIMIZATION_LEVEL = 0;
				GCC_PREPROCESSOR_DEFINITIONS = (
					"DEBUG=1",
					"$(inherited)",
				);
				GCC_SYMBOLS_PRIVATE_EXTERN = NO;
				GCC_WARN_64_TO_32_BIT_CONVERSION = YES;
				GCC_WARN_ABOUT_RETURN_TYPE = YES_ERROR;
				GCC_WARN_UNDECLARED_SELECTOR = YES;
				GCC_WARN_UNINITIALIZED_AUTOS = YES_AGGRESSIVE;
				GCC_WARN_UNUSED_FUNCTION = YES;
				GCC_WARN_UNUSED_VARIABLE = YES;
				IPHONEOS_DEPLOYMENT_TARGET = 8.3;
				MTL_ENABLE_DEBUG_INFO = YES;
				ONLY_ACTIVE_ARCH = YES;
				SDKROOT = iphoneos;
				SWIFT_OPTIMIZATION_LEVEL = "-Onone";
			};
			name = Debug;
		};
		A1FF279D1B30D07B002C95E0 /* Release */ = {
			isa = XCBuildConfiguration;
			buildSettings = {
				ALWAYS_SEARCH_USER_PATHS = NO;
				CLANG_CXX_LANGUAGE_STANDARD = "gnu++0x";
				CLANG_CXX_LIBRARY = "libc++";
				CLANG_ENABLE_MODULES = YES;
				CLANG_ENABLE_OBJC_ARC = YES;
				CLANG_WARN_BOOL_CONVERSION = YES;
				CLANG_WARN_CONSTANT_CONVERSION = YES;
				CLANG_WARN_DIRECT_OBJC_ISA_USAGE = YES_ERROR;
				CLANG_WARN_EMPTY_BODY = YES;
				CLANG_WARN_ENUM_CONVERSION = YES;
				CLANG_WARN_INT_CONVERSION = YES;
				CLANG_WARN_OBJC_ROOT_CLASS = YES_ERROR;
				CLANG_WARN_UNREACHABLE_CODE = YES;
				CLANG_WARN__DUPLICATE_METHOD_MATCH = YES;
				"CODE_SIGN_IDENTITY[sdk=iphoneos*]" = "iPhone Developer";
				COPY_PHASE_STRIP = NO;
				DEBUG_INFORMATION_FORMAT = "dwarf-with-dsym";
				ENABLE_NS_ASSERTIONS = NO;
				ENABLE_STRICT_OBJC_MSGSEND = YES;
				GCC_C_LANGUAGE_STANDARD = gnu99;
				GCC_NO_COMMON_BLOCKS = YES;
				GCC_WARN_64_TO_32_BIT_CONVERSION = YES;
				GCC_WARN_ABOUT_RETURN_TYPE = YES_ERROR;
				GCC_WARN_UNDECLARED_SELECTOR = YES;
				GCC_WARN_UNINITIALIZED_AUTOS = YES_AGGRESSIVE;
				GCC_WARN_UNUSED_FUNCTION = YES;
				GCC_WARN_UNUSED_VARIABLE = YES;
				IPHONEOS_DEPLOYMENT_TARGET = 8.3;
				MTL_ENABLE_DEBUG_INFO = NO;
				SDKROOT = iphoneos;
				VALIDATE_PRODUCT = YES;
			};
			name = Release;
		};
		A1FF279F1B30D07B002C95E0 /* Debug */ = {
			isa = XCBuildConfiguration;
			buildSettings = {
				ASSETCATALOG_COMPILER_APPICON_NAME = AppIcon;
				INFOPLIST_FILE = "Where Am I/Info.plist";
				LD_RUNPATH_SEARCH_PATHS = "$(inherited) @executable_path/Frameworks";
				PRODUCT_NAME = "$(TARGET_NAME)";
			};
			name = Debug;
		};
		A1FF27A01B30D07B002C95E0 /* Release */ = {
			isa = XCBuildConfiguration;
			buildSettings = {
				ASSETCATALOG_COMPILER_APPICON_NAME = AppIcon;
				INFOPLIST_FILE = "Where Am I/Info.plist";
				LD_RUNPATH_SEARCH_PATHS = "$(inherited) @executable_path/Frameworks";
				PRODUCT_NAME = "$(TARGET_NAME)";
			};
			name = Release;
		};
		A1FF27A21B30D07B002C95E0 /* Debug */ = {
			isa = XCBuildConfiguration;
			buildSettings = {
				BUNDLE_LOADER = "$(TEST_HOST)";
				FRAMEWORK_SEARCH_PATHS = (
					"$(SDKROOT)/Developer/Library/Frameworks",
					"$(inherited)",
				);
				GCC_PREPROCESSOR_DEFINITIONS = (
					"DEBUG=1",
					"$(inherited)",
				);
				INFOPLIST_FILE = "Where Am ITests/Info.plist";
				LD_RUNPATH_SEARCH_PATHS = "$(inherited) @executable_path/Frameworks @loader_path/Frameworks";
				PRODUCT_NAME = "$(TARGET_NAME)";
				TEST_HOST = "$(BUILT_PRODUCTS_DIR)/Where Am I.app/Where Am I";
			};
			name = Debug;
		};
		A1FF27A31B30D07B002C95E0 /* Release */ = {
			isa = XCBuildConfiguration;
			buildSettings = {
				BUNDLE_LOADER = "$(TEST_HOST)";
				FRAMEWORK_SEARCH_PATHS = (
					"$(SDKROOT)/Developer/Library/Frameworks",
					"$(inherited)",
				);
				INFOPLIST_FILE = "Where Am ITests/Info.plist";
				LD_RUNPATH_SEARCH_PATHS = "$(inherited) @executable_path/Frameworks @loader_path/Frameworks";
				PRODUCT_NAME = "$(TARGET_NAME)";
				TEST_HOST = "$(BUILT_PRODUCTS_DIR)/Where Am I.app/Where Am I";
			};
			name = Release;
		};
/* End XCBuildConfiguration section */

/* Begin XCConfigurationList section */
		A1FF277A1B30D07B002C95E0 /* Build configuration list for PBXProject "Where Am I" */ = {
			isa = XCConfigurationList;
			buildConfigurations = (
				A1FF279C1B30D07B002C95E0 /* Debug */,
				A1FF279D1B30D07B002C95E0 /* Release */,
			);
			defaultConfigurationIsVisible = 0;
			defaultConfigurationName = Release;
		};
		A1FF279E1B30D07B002C95E0 /* Build configuration list for PBXNativeTarget "Where Am I" */ = {
			isa = XCConfigurationList;
			buildConfigurations = (
				A1FF279F1B30D07B002C95E0 /* Debug */,
				A1FF27A01B30D07B002C95E0 /* Release */,
			);
			defaultConfigurationIsVisible = 0;
		};
		A1FF27A11B30D07B002C95E0 /* Build configuration list for PBXNativeTarget "Where Am ITests" */ = {
			isa = XCConfigurationList;
			buildConfigurations = (
				A1FF27A21B30D07B002C95E0 /* Debug */,
				A1FF27A31B30D07B002C95E0 /* Release */,
			);
			defaultConfigurationIsVisible = 0;
		};
/* End XCConfigurationList section */
	};
	rootObject = A1FF27771B30D07B002C95E0 /* Project object */;
}
