// !$*UTF8*$!
{
	archiveVersion = 1;
	classes = {
	};
	objectVersion = 46;
	objects = {

/* Begin PBXBuildFile section */
		A108C3E01AC27ACE00384FC6 /* AppDelegate.swift in Sources */ = {isa = PBXBuildFile; fileRef = A108C3DF1AC27ACE00384FC6 /* AppDelegate.swift */; };
		A108C3E21AC27ACE00384FC6 /* ViewController.swift in Sources */ = {isa = PBXBuildFile; fileRef = A108C3E11AC27ACE00384FC6 /* ViewController.swift */; };
		A108C3E51AC27ACE00384FC6 /* Main.storyboard in Resources */ = {isa = PBXBuildFile; fileRef = A108C3E31AC27ACE00384FC6 /* Main.storyboard */; };
		A108C3E71AC27ACE00384FC6 /* Images.xcassets in Resources */ = {isa = PBXBuildFile; fileRef = A108C3E61AC27ACE00384FC6 /* Images.xcassets */; };
		A108C3EA1AC27ACE00384FC6 /* LaunchScreen.xib in Resources */ = {isa = PBXBuildFile; fileRef = A108C3E81AC27ACE00384FC6 /* LaunchScreen.xib */; };
		A108C3F61AC27ACE00384FC6 /* Controlling_The_KeyboardTests.swift in Sources */ = {isa = PBXBuildFile; fileRef = A108C3F51AC27ACE00384FC6 /* Controlling_The_KeyboardTests.swift */; };
/* End PBXBuildFile section */

/* Begin PBXContainerItemProxy section */
		A108C3F01AC27ACE00384FC6 /* PBXContainerItemProxy */ = {
			isa = PBXContainerItemProxy;
			containerPortal = A108C3D21AC27ACE00384FC6 /* Project object */;
			proxyType = 1;
			remoteGlobalIDString = A108C3D91AC27ACE00384FC6;
			remoteInfo = "Controlling The Keyboard";
		};
/* End PBXContainerItemProxy section */

/* Begin PBXFileReference section */
		A108C3DA1AC27ACE00384FC6 /* Controlling The Keyboard.app */ = {isa = PBXFileReference; explicitFileType = wrapper.application; includeInIndex = 0; path = "Controlling The Keyboard.app"; sourceTree = BUILT_PRODUCTS_DIR; };
		A108C3DE1AC27ACE00384FC6 /* Info.plist */ = {isa = PBXFileReference; lastKnownFileType = text.plist.xml; path = Info.plist; sourceTree = "<group>"; };
		A108C3DF1AC27ACE00384FC6 /* AppDelegate.swift */ = {isa = PBXFileReference; lastKnownFileType = sourcecode.swift; path = AppDelegate.swift; sourceTree = "<group>"; };
		A108C3E11AC27ACE00384FC6 /* ViewController.swift */ = {isa = PBXFileReference; lastKnownFileType = sourcecode.swift; path = ViewController.swift; sourceTree = "<group>"; };
		A108C3E41AC27ACE00384FC6 /* Base */ = {isa = PBXFileReference; lastKnownFileType = file.storyboard; name = Base; path = Base.lproj/Main.storyboard; sourceTree = "<group>"; };
		A108C3E61AC27ACE00384FC6 /* Images.xcassets */ = {isa = PBXFileReference; lastKnownFileType = folder.assetcatalog; path = Images.xcassets; sourceTree = "<group>"; };
		A108C3E91AC27ACE00384FC6 /* Base */ = {isa = PBXFileReference; lastKnownFileType = file.xib; name = Base; path = Base.lproj/LaunchScreen.xib; sourceTree = "<group>"; };
		A108C3EF1AC27ACE00384FC6 /* Controlling The KeyboardTests.xctest */ = {isa = PBXFileReference; explicitFileType = wrapper.cfbundle; includeInIndex = 0; path = "Controlling The KeyboardTests.xctest"; sourceTree = BUILT_PRODUCTS_DIR; };
		A108C3F41AC27ACE00384FC6 /* Info.plist */ = {isa = PBXFileReference; lastKnownFileType = text.plist.xml; path = Info.plist; sourceTree = "<group>"; };
		A108C3F51AC27ACE00384FC6 /* Controlling_The_KeyboardTests.swift */ = {isa = PBXFileReference; lastKnownFileType = sourcecode.swift; path = Controlling_The_KeyboardTests.swift; sourceTree = "<group>"; };
/* End PBXFileReference section */

/* Begin PBXFrameworksBuildPhase section */
		A108C3D71AC27ACE00384FC6 /* Frameworks */ = {
			isa = PBXFrameworksBuildPhase;
			buildActionMask = 2147483647;
			files = (
			);
			runOnlyForDeploymentPostprocessing = 0;
		};
		A108C3EC1AC27ACE00384FC6 /* Frameworks */ = {
			isa = PBXFrameworksBuildPhase;
			buildActionMask = 2147483647;
			files = (
			);
			runOnlyForDeploymentPostprocessing = 0;
		};
/* End PBXFrameworksBuildPhase section */

/* Begin PBXGroup section */
		A108C3D11AC27ACE00384FC6 = {
			isa = PBXGroup;
			children = (
				A108C3DC1AC27ACE00384FC6 /* Controlling The Keyboard */,
				A108C3F21AC27ACE00384FC6 /* Controlling The KeyboardTests */,
				A108C3DB1AC27ACE00384FC6 /* Products */,
			);
			sourceTree = "<group>";
		};
		A108C3DB1AC27ACE00384FC6 /* Products */ = {
			isa = PBXGroup;
			children = (
				A108C3DA1AC27ACE00384FC6 /* Controlling The Keyboard.app */,
				A108C3EF1AC27ACE00384FC6 /* Controlling The KeyboardTests.xctest */,
			);
			name = Products;
			sourceTree = "<group>";
		};
		A108C3DC1AC27ACE00384FC6 /* Controlling The Keyboard */ = {
			isa = PBXGroup;
			children = (
				A108C3DF1AC27ACE00384FC6 /* AppDelegate.swift */,
				A108C3E11AC27ACE00384FC6 /* ViewController.swift */,
				A108C3E31AC27ACE00384FC6 /* Main.storyboard */,
				A108C3E61AC27ACE00384FC6 /* Images.xcassets */,
				A108C3E81AC27ACE00384FC6 /* LaunchScreen.xib */,
				A108C3DD1AC27ACE00384FC6 /* Supporting Files */,
			);
			path = "Controlling The Keyboard";
			sourceTree = "<group>";
		};
		A108C3DD1AC27ACE00384FC6 /* Supporting Files */ = {
			isa = PBXGroup;
			children = (
				A108C3DE1AC27ACE00384FC6 /* Info.plist */,
			);
			name = "Supporting Files";
			sourceTree = "<group>";
		};
		A108C3F21AC27ACE00384FC6 /* Controlling The KeyboardTests */ = {
			isa = PBXGroup;
			children = (
				A108C3F51AC27ACE00384FC6 /* Controlling_The_KeyboardTests.swift */,
				A108C3F31AC27ACE00384FC6 /* Supporting Files */,
			);
			path = "Controlling The KeyboardTests";
			sourceTree = "<group>";
		};
		A108C3F31AC27ACE00384FC6 /* Supporting Files */ = {
			isa = PBXGroup;
			children = (
				A108C3F41AC27ACE00384FC6 /* Info.plist */,
			);
			name = "Supporting Files";
			sourceTree = "<group>";
		};
/* End PBXGroup section */

/* Begin PBXNativeTarget section */
		A108C3D91AC27ACE00384FC6 /* Controlling The Keyboard */ = {
			isa = PBXNativeTarget;
			buildConfigurationList = A108C3F91AC27ACE00384FC6 /* Build configuration list for PBXNativeTarget "Controlling The Keyboard" */;
			buildPhases = (
				A108C3D61AC27ACE00384FC6 /* Sources */,
				A108C3D71AC27ACE00384FC6 /* Frameworks */,
				A108C3D81AC27ACE00384FC6 /* Resources */,
			);
			buildRules = (
			);
			dependencies = (
			);
			name = "Controlling The Keyboard";
			productName = "Controlling The Keyboard";
			productReference = A108C3DA1AC27ACE00384FC6 /* Controlling The Keyboard.app */;
			productType = "com.apple.product-type.application";
		};
		A108C3EE1AC27ACE00384FC6 /* Controlling The KeyboardTests */ = {
			isa = PBXNativeTarget;
			buildConfigurationList = A108C3FC1AC27ACE00384FC6 /* Build configuration list for PBXNativeTarget "Controlling The KeyboardTests" */;
			buildPhases = (
				A108C3EB1AC27ACE00384FC6 /* Sources */,
				A108C3EC1AC27ACE00384FC6 /* Frameworks */,
				A108C3ED1AC27ACE00384FC6 /* Resources */,
			);
			buildRules = (
			);
			dependencies = (
				A108C3F11AC27ACE00384FC6 /* PBXTargetDependency */,
			);
			name = "Controlling The KeyboardTests";
			productName = "Controlling The KeyboardTests";
			productReference = A108C3EF1AC27ACE00384FC6 /* Controlling The KeyboardTests.xctest */;
			productType = "com.apple.product-type.bundle.unit-test";
		};
/* End PBXNativeTarget section */

/* Begin PBXProject section */
		A108C3D21AC27ACE00384FC6 /* Project object */ = {
			isa = PBXProject;
			attributes = {
				LastUpgradeCheck = 0620;
				ORGANIZATIONNAME = BitsFriends;
				TargetAttributes = {
					A108C3D91AC27ACE00384FC6 = {
						CreatedOnToolsVersion = 6.2;
					};
					A108C3EE1AC27ACE00384FC6 = {
						CreatedOnToolsVersion = 6.2;
						TestTargetID = A108C3D91AC27ACE00384FC6;
					};
				};
			};
			buildConfigurationList = A108C3D51AC27ACE00384FC6 /* Build configuration list for PBXProject "Controlling The Keyboard" */;
			compatibilityVersion = "Xcode 3.2";
			developmentRegion = English;
			hasScannedForEncodings = 0;
			knownRegions = (
				en,
				Base,
			);
			mainGroup = A108C3D11AC27ACE00384FC6;
			productRefGroup = A108C3DB1AC27ACE00384FC6 /* Products */;
			projectDirPath = "";
			projectRoot = "";
			targets = (
				A108C3D91AC27ACE00384FC6 /* Controlling The Keyboard */,
				A108C3EE1AC27ACE00384FC6 /* Controlling The KeyboardTests */,
			);
		};
/* End PBXProject section */

/* Begin PBXResourcesBuildPhase section */
		A108C3D81AC27ACE00384FC6 /* Resources */ = {
			isa = PBXResourcesBuildPhase;
			buildActionMask = 2147483647;
			files = (
				A108C3E51AC27ACE00384FC6 /* Main.storyboard in Resources */,
				A108C3EA1AC27ACE00384FC6 /* LaunchScreen.xib in Resources */,
				A108C3E71AC27ACE00384FC6 /* Images.xcassets in Resources */,
			);
			runOnlyForDeploymentPostprocessing = 0;
		};
		A108C3ED1AC27ACE00384FC6 /* Resources */ = {
			isa = PBXResourcesBuildPhase;
			buildActionMask = 2147483647;
			files = (
			);
			runOnlyForDeploymentPostprocessing = 0;
		};
/* End PBXResourcesBuildPhase section */

/* Begin PBXSourcesBuildPhase section */
		A108C3D61AC27ACE00384FC6 /* Sources */ = {
			isa = PBXSourcesBuildPhase;
			buildActionMask = 2147483647;
			files = (
				A108C3E21AC27ACE00384FC6 /* ViewController.swift in Sources */,
				A108C3E01AC27ACE00384FC6 /* AppDelegate.swift in Sources */,
			);
			runOnlyForDeploymentPostprocessing = 0;
		};
		A108C3EB1AC27ACE00384FC6 /* Sources */ = {
			isa = PBXSourcesBuildPhase;
			buildActionMask = 2147483647;
			files = (
				A108C3F61AC27ACE00384FC6 /* Controlling_The_KeyboardTests.swift in Sources */,
			);
			runOnlyForDeploymentPostprocessing = 0;
		};
/* End PBXSourcesBuildPhase section */

/* Begin PBXTargetDependency section */
		A108C3F11AC27ACE00384FC6 /* PBXTargetDependency */ = {
			isa = PBXTargetDependency;
			target = A108C3D91AC27ACE00384FC6 /* Controlling The Keyboard */;
			targetProxy = A108C3F01AC27ACE00384FC6 /* PBXContainerItemProxy */;
		};
/* End PBXTargetDependency section */

/* Begin PBXVariantGroup section */
		A108C3E31AC27ACE00384FC6 /* Main.storyboard */ = {
			isa = PBXVariantGroup;
			children = (
				A108C3E41AC27ACE00384FC6 /* Base */,
			);
			name = Main.storyboard;
			sourceTree = "<group>";
		};
		A108C3E81AC27ACE00384FC6 /* LaunchScreen.xib */ = {
			isa = PBXVariantGroup;
			children = (
				A108C3E91AC27ACE00384FC6 /* Base */,
			);
			name = LaunchScreen.xib;
			sourceTree = "<group>";
		};
/* End PBXVariantGroup section */

/* Begin XCBuildConfiguration section */
		A108C3F71AC27ACE00384FC6 /* Debug */ = {
			isa = XCBuildConfiguration;
			buildSettings = {
				ALWAYS_SEARCH_USER_PATHS = NO;
				CLANG_CXX_LANGUAGE_STANDARD = "gnu++0x";
				CLANG_CXX_LIBRARY = "libc++";
				CLANG_ENABLE_MODULES = YES;
				CLANG_ENABLE_OBJC_ARC = YES;
				CLANG_WARN_BOOL_CONVERSION = YES;
				CLANG_WARN_CONSTANT_CONVERSION = YES;
				CLANG_WARN_DIRECT_OBJC_ISA_USAGE = YES_ERROR;
				CLANG_WARN_EMPTY_BODY = YES;
				CLANG_WARN_ENUM_CONVERSION = YES;
				CLANG_WARN_INT_CONVERSION = YES;
				CLANG_WARN_OBJC_ROOT_CLASS = YES_ERROR;
				CLANG_WARN_UNREACHABLE_CODE = YES;
				CLANG_WARN__DUPLICATE_METHOD_MATCH = YES;
				"CODE_SIGN_IDENTITY[sdk=iphoneos*]" = "iPhone Developer";
				COPY_PHASE_STRIP = NO;
				ENABLE_STRICT_OBJC_MSGSEND = YES;
				GCC_C_LANGUAGE_STANDARD = gnu99;
				GCC_DYNAMIC_NO_PIC = NO;
				GCC_OPTIMIZATION_LEVEL = 0;
				GCC_PREPROCESSOR_DEFINITIONS = (
					"DEBUG=1",
					"$(inherited)",
				);
				GCC_SYMBOLS_PRIVATE_EXTERN = NO;
				GCC_WARN_64_TO_32_BIT_CONVERSION = YES;
				GCC_WARN_ABOUT_RETURN_TYPE = YES_ERROR;
				GCC_WARN_UNDECLARED_SELECTOR = YES;
				GCC_WARN_UNINITIALIZED_AUTOS = YES_AGGRESSIVE;
				GCC_WARN_UNUSED_FUNCTION = YES;
				GCC_WARN_UNUSED_VARIABLE = YES;
				IPHONEOS_DEPLOYMENT_TARGET = 8.2;
				MTL_ENABLE_DEBUG_INFO = YES;
				ONLY_ACTIVE_ARCH = YES;
				SDKROOT = iphoneos;
				SWIFT_OPTIMIZATION_LEVEL = "-Onone";
			};
			name = Debug;
		};
		A108C3F81AC27ACE00384FC6 /* Release */ = {
			isa = XCBuildConfiguration;
			buildSettings = {
				ALWAYS_SEARCH_USER_PATHS = NO;
				CLANG_CXX_LANGUAGE_STANDARD = "gnu++0x";
				CLANG_CXX_LIBRARY = "libc++";
				CLANG_ENABLE_MODULES = YES;
				CLANG_ENABLE_OBJC_ARC = YES;
				CLANG_WARN_BOOL_CONVERSION = YES;
				CLANG_WARN_CONSTANT_CONVERSION = YES;
				CLANG_WARN_DIRECT_OBJC_ISA_USAGE = YES_ERROR;
				CLANG_WARN_EMPTY_BODY = YES;
				CLANG_WARN_ENUM_CONVERSION = YES;
				CLANG_WARN_INT_CONVERSION = YES;
				CLANG_WARN_OBJC_ROOT_CLASS = YES_ERROR;
				CLANG_WARN_UNREACHABLE_CODE = YES;
				CLANG_WARN__DUPLICATE_METHOD_MATCH = YES;
				"CODE_SIGN_IDENTITY[sdk=iphoneos*]" = "iPhone Developer";
				COPY_PHASE_STRIP = NO;
				ENABLE_NS_ASSERTIONS = NO;
				ENABLE_STRICT_OBJC_MSGSEND = YES;
				GCC_C_LANGUAGE_STANDARD = gnu99;
				GCC_WARN_64_TO_32_BIT_CONVERSION = YES;
				GCC_WARN_ABOUT_RETURN_TYPE = YES_ERROR;
				GCC_WARN_UNDECLARED_SELECTOR = YES;
				GCC_WARN_UNINITIALIZED_AUTOS = YES_AGGRESSIVE;
				GCC_WARN_UNUSED_FUNCTION = YES;
				GCC_WARN_UNUSED_VARIABLE = YES;
				IPHONEOS_DEPLOYMENT_TARGET = 8.2;
				MTL_ENABLE_DEBUG_INFO = NO;
				SDKROOT = iphoneos;
				VALIDATE_PRODUCT = YES;
			};
			name = Release;
		};
		A108C3FA1AC27ACE00384FC6 /* Debug */ = {
			isa = XCBuildConfiguration;
			buildSettings = {
				ASSETCATALOG_COMPILER_APPICON_NAME = AppIcon;
				INFOPLIST_FILE = "Controlling The Keyboard/Info.plist";
				LD_RUNPATH_SEARCH_PATHS = "$(inherited) @executable_path/Frameworks";
				PRODUCT_NAME = "$(TARGET_NAME)";
			};
			name = Debug;
		};
		A108C3FB1AC27ACE00384FC6 /* Release */ = {
			isa = XCBuildConfiguration;
			buildSettings = {
				ASSETCATALOG_COMPILER_APPICON_NAME = AppIcon;
				INFOPLIST_FILE = "Controlling The Keyboard/Info.plist";
				LD_RUNPATH_SEARCH_PATHS = "$(inherited) @executable_path/Frameworks";
				PRODUCT_NAME = "$(TARGET_NAME)";
			};
			name = Release;
		};
		A108C3FD1AC27ACE00384FC6 /* Debug */ = {
			isa = XCBuildConfiguration;
			buildSettings = {
				BUNDLE_LOADER = "$(TEST_HOST)";
				FRAMEWORK_SEARCH_PATHS = (
					"$(SDKROOT)/Developer/Library/Frameworks",
					"$(inherited)",
				);
				GCC_PREPROCESSOR_DEFINITIONS = (
					"DEBUG=1",
					"$(inherited)",
				);
				INFOPLIST_FILE = "Controlling The KeyboardTests/Info.plist";
				LD_RUNPATH_SEARCH_PATHS = "$(inherited) @executable_path/Frameworks @loader_path/Frameworks";
				PRODUCT_NAME = "$(TARGET_NAME)";
				TEST_HOST = "$(BUILT_PRODUCTS_DIR)/Controlling The Keyboard.app/Controlling The Keyboard";
			};
			name = Debug;
		};
		A108C3FE1AC27ACE00384FC6 /* Release */ = {
			isa = XCBuildConfiguration;
			buildSettings = {
				BUNDLE_LOADER = "$(TEST_HOST)";
				FRAMEWORK_SEARCH_PATHS = (
					"$(SDKROOT)/Developer/Library/Frameworks",
					"$(inherited)",
				);
				INFOPLIST_FILE = "Controlling The KeyboardTests/Info.plist";
				LD_RUNPATH_SEARCH_PATHS = "$(inherited) @executable_path/Frameworks @loader_path/Frameworks";
				PRODUCT_NAME = "$(TARGET_NAME)";
				TEST_HOST = "$(BUILT_PRODUCTS_DIR)/Controlling The Keyboard.app/Controlling The Keyboard";
			};
			name = Release;
		};
/* End XCBuildConfiguration section */

/* Begin XCConfigurationList section */
		A108C3D51AC27ACE00384FC6 /* Build configuration list for PBXProject "Controlling The Keyboard" */ = {
			isa = XCConfigurationList;
			buildConfigurations = (
				A108C3F71AC27ACE00384FC6 /* Debug */,
				A108C3F81AC27ACE00384FC6 /* Release */,
			);
			defaultConfigurationIsVisible = 0;
			defaultConfigurationName = Release;
		};
		A108C3F91AC27ACE00384FC6 /* Build configuration list for PBXNativeTarget "Controlling The Keyboard" */ = {
			isa = XCConfigurationList;
			buildConfigurations = (
				A108C3FA1AC27ACE00384FC6 /* Debug */,
				A108C3FB1AC27ACE00384FC6 /* Release */,
			);
			defaultConfigurationIsVisible = 0;
		};
		A108C3FC1AC27ACE00384FC6 /* Build configuration list for PBXNativeTarget "Controlling The KeyboardTests" */ = {
			isa = XCConfigurationList;
			buildConfigurations = (
				A108C3FD1AC27ACE00384FC6 /* Debug */,
				A108C3FE1AC27ACE00384FC6 /* Release */,
			);
			defaultConfigurationIsVisible = 0;
		};
/* End XCConfigurationList section */
	};
	rootObject = A108C3D21AC27ACE00384FC6 /* Project object */;
}
